
Microsoft Visual Studio Solution File, Format Version 12.00
# Visual Studio 15
VisualStudioVersion = 15.0.27428.2037
MinimumVisualStudioVersion = 10.0.40219.1
Project("{F14B399A-7131-4C87-9E4B-1186C45EF12D}") = "CustomSSRS", "CustomSSRS\CustomSSRS.rptproj", "{C65D55F5-ABF4-499A-8533-C104EF3CB8D5}"
EndProject
Project("{FAE04EC0-301F-11D3-BF4B-00C04F79EFBC}") = "SSRSCustomAssembly", "SSRSCustomAssembly\SSRSCustomAssembly\SSRSCustomAssembly.csproj", "{A9321C52-E69F-4690-91B2-6BFC136B41D0}"
EndProject
Global
	GlobalSection(SolutionConfigurationPlatforms) = preSolution
		Debug|Any CPU = Debug|Any CPU
		DebugLocal|Any CPU = DebugLocal|Any CPU
		Release|Any CPU = Release|Any CPU
	EndGlobalSection
	GlobalSection(ProjectConfigurationPlatforms) = postSolution
		{C65D55F5-ABF4-499A-8533-C104EF3CB8D5}.Debug|Any CPU.ActiveCfg = Debug
		{C65D55F5-ABF4-499A-8533-C104EF3CB8D5}.Debug|Any CPU.Build.0 = Debug
		{C65D55F5-ABF4-499A-8533-C104EF3CB8D5}.Debug|Any CPU.Deploy.0 = Debug
		{C65D55F5-ABF4-499A-8533-C104EF3CB8D5}.DebugLocal|Any CPU.ActiveCfg = DebugLocal
		{C65D55F5-ABF4-499A-8533-C104EF3CB8D5}.DebugLocal|Any CPU.Build.0 = DebugLocal
		{C65D55F5-ABF4-499A-8533-C104EF3CB8D5}.DebugLocal|Any CPU.Deploy.0 = DebugLocal
		{C65D55F5-ABF4-499A-8533-C104EF3CB8D5}.Release|Any CPU.ActiveCfg = Release
		{C65D55F5-ABF4-499A-8533-C104EF3CB8D5}.Release|Any CPU.Build.0 = Release
		{C65D55F5-ABF4-499A-8533-C104EF3CB8D5}.Release|Any CPU.Deploy.0 = Release
		{A9321C52-E69F-4690-91B2-6BFC136B41D0}.Debug|Any CPU.ActiveCfg = Debug|Any CPU
		{A9321C52-E69F-4690-91B2-6BFC136B41D0}.Debug|Any CPU.Build.0 = Debug|Any CPU
		{A9321C52-E69F-4690-91B2-6BFC136B41D0}.DebugLocal|Any CPU.ActiveCfg = Debug|Any CPU
		{A9321C52-E69F-4690-91B2-6BFC136B41D0}.DebugLocal|Any CPU.Build.0 = Debug|Any CPU
		{A9321C52-E69F-4690-91B2-6BFC136B41D0}.Release|Any CPU.ActiveCfg = Release|Any CPU
		{A9321C52-E69F-4690-91B2-6BFC136B41D0}.Release|Any CPU.Build.0 = Release|Any CPU
	EndGlobalSection
	GlobalSection(SolutionProperties) = preSolution
		HideSolutionNode = FALSE
	EndGlobalSection
	GlobalSection(ExtensibilityGlobals) = postSolution
		SolutionGuid = {6AD792D8-E76F-4FD7-BF2D-D65629FE1538}
	EndGlobalSection
EndGlobal
